
Microsoft Visual Studio Solution File, Format Version 12.00
# Visual Studio Version 17
VisualStudioVersion = 17.14.36915.13 d17.14
MinimumVisualStudioVersion = 10.0.40219.1
Project("{FAE04EC0-301F-11D3-BF4B-00C04F79EFBC}") = "BMI", "BMI\BMI.csproj", "{FE246D3D-65ED-4F55-BEAE-40E2E73F1C63}"
EndProject
Global
	GlobalSection(SolutionConfigurationPlatforms) = preSolution
		Debug|Any CPU = Debug|Any CPU
		Release|Any CPU = Release|Any CPU
	EndGlobalSection
	GlobalSection(ProjectConfigurationPlatforms) = postSolution
		{FE246D3D-65ED-4F55-BEAE-40E2E73F1C63}.Debug|Any CPU.ActiveCfg = Debug|Any CPU
		{FE246D3D-65ED-4F55-BEAE-40E2E73F1C63}.Debug|Any CPU.Build.0 = Debug|Any CPU
		{FE246D3D-65ED-4F55-BEAE-40E2E73F1C63}.Release|Any CPU.ActiveCfg = Release|Any CPU
		{FE246D3D-65ED-4F55-BEAE-40E2E73F1C63}.Release|Any CPU.Build.0 = Release|Any CPU
	EndGlobalSection
	GlobalSection(SolutionProperties) = preSolution
		HideSolutionNode = FALSE
	EndGlobalSection
	GlobalSection(ExtensibilityGlobals) = postSolution
		SolutionGuid = {198CDADB-7313-4137-9F22-EC79B21FDB4D}
	EndGlobalSection
EndGlobal
